
Microsoft Visual Studio Solution File, Format Version 12.00
# Visual Studio Version 17
VisualStudioVersion = 17.9.34723.18
MinimumVisualStudioVersion = 10.0.40219.1
Project("{FAE04EC0-301F-11D3-BF4B-00C04F79EFBC}") = "Serialization", "Serialization\Serialization.csproj", "{EFDC3F69-F959-468D-AC6C-79D36C3A723D}"
EndProject
Global
	GlobalSection(SolutionConfigurationPlatforms) = preSolution
		Debug|Any CPU = Debug|Any CPU
		Release|Any CPU = Release|Any CPU
	EndGlobalSection
	GlobalSection(ProjectConfigurationPlatforms) = postSolution
		{EFDC3F69-F959-468D-AC6C-79D36C3A723D}.Debug|Any CPU.ActiveCfg = Debug|Any CPU
		{EFDC3F69-F959-468D-AC6C-79D36C3A723D}.Debug|Any CPU.Build.0 = Debug|Any CPU
		{EFDC3F69-F959-468D-AC6C-79D36C3A723D}.Release|Any CPU.ActiveCfg = Release|Any CPU
		{EFDC3F69-F959-468D-AC6C-79D36C3A723D}.Release|Any CPU.Build.0 = Release|Any CPU
	EndGlobalSection
	GlobalSection(SolutionProperties) = preSolution
		HideSolutionNode = FALSE
	EndGlobalSection
	GlobalSection(ExtensibilityGlobals) = postSolution
		SolutionGuid = {568F797B-CE17-418A-AB7B-0364F8724A7D}
	EndGlobalSection
EndGlobal
